Microsoft Visual Studio Solution File, Format Version 12.00
# Visual Studio Version 17
VisualStudioVersion = 17.0.31903.59
MinimumVisualStudioVersion = 10.0.40219.1
Project("{FAE04EC0-301F-11D3-BF4B-00C04F79EFBC}") = "Kairnfall.Client", "Kairnfall.Client.csproj", "{E7994FD3-91AF-4E99-A1F7-5E1977B8C508}"
EndProject
Project("{FAE04EC0-301F-11D3-BF4B-00C04F79EFBC}") = "Kairnfall.Core", "..\src\Kairnfall.Core\Kairnfall.Core.csproj", "{6A1B782B-6C72-418B-B0DA-216B9DE5DB4D}"
EndProject
Global
	GlobalSection(SolutionConfigurationPlatforms) = preSolution
		Debug|Any CPU = Debug|Any CPU
		ExportDebug|Any CPU = ExportDebug|Any CPU
		ExportRelease|Any CPU = ExportRelease|Any CPU
	EndGlobalSection
	GlobalSection(ProjectConfigurationPlatforms) = postSolution
		{E7994FD3-91AF-4E99-A1F7-5E1977B8C508}.Debug|Any CPU.ActiveCfg = Debug|Any CPU
		{E7994FD3-91AF-4E99-A1F7-5E1977B8C508}.Debug|Any CPU.Build.0 = Debug|Any CPU
		{E7994FD3-91AF-4E99-A1F7-5E1977B8C508}.ExportDebug|Any CPU.ActiveCfg = ExportDebug|Any CPU
		{E7994FD3-91AF-4E99-A1F7-5E1977B8C508}.ExportDebug|Any CPU.Build.0 = ExportDebug|Any CPU
		{E7994FD3-91AF-4E99-A1F7-5E1977B8C508}.ExportRelease|Any CPU.ActiveCfg = ExportRelease|Any CPU
		{E7994FD3-91AF-4E99-A1F7-5E1977B8C508}.ExportRelease|Any CPU.Build.0 = ExportRelease|Any CPU
		{6A1B782B-6C72-418B-B0DA-216B9DE5DB4D}.Debug|Any CPU.ActiveCfg = Debug|Any CPU
		{6A1B782B-6C72-418B-B0DA-216B9DE5DB4D}.Debug|Any CPU.Build.0 = Debug|Any CPU
		{6A1B782B-6C72-418B-B0DA-216B9DE5DB4D}.ExportDebug|Any CPU.ActiveCfg = ExportDebug|Any CPU
		{6A1B782B-6C72-418B-B0DA-216B9DE5DB4D}.ExportDebug|Any CPU.Build.0 = ExportDebug|Any CPU
		{6A1B782B-6C72-418B-B0DA-216B9DE5DB4D}.ExportRelease|Any CPU.ActiveCfg = ExportRelease|Any CPU
		{6A1B782B-6C72-418B-B0DA-216B9DE5DB4D}.ExportRelease|Any CPU.Build.0 = ExportRelease|Any CPU
	EndGlobalSection
EndGlobal
