<Solution>
  <Project Path="src/Kairnfall.Core/Kairnfall.Core.csproj" />
  <Project Path="src/Kairnfall.Server/Kairnfall.Server.csproj" />
  <Project Path="tests/Kairnfall.Tests/Kairnfall.Tests.csproj" />
  <Project Path="tests/Kairnfall.Integration/Kairnfall.Integration.csproj" />
  <Project Path="tests/Kairnfall.ReviewTests/Kairnfall.ReviewTests.csproj" />
  <Project Path="tests/Kairnfall.SecurityTests/Kairnfall.SecurityTests.csproj" />
</Solution>
